
Microsoft Visual Studio Solution File, Format Version 12.00
# Visual Studio Version 17
VisualStudioVersion = 17.0.31903.59
MinimumVisualStudioVersion = 10.0.40219.1
Project("{FAE04EC0-301F-11D3-BF4B-00C04F79EFBC}") = "SampleApplication", "SampleApplication.Tool\SampleApplication.Tool.csproj", "{2F3B409E-4C08-4B4E-B1D5-B38F5EC7EA0F}"
EndProject
Project("{FAE04EC0-301F-11D3-BF4B-00C04F79EFBC}") = "SampleApplication.Core", "SampleApplication.Core\SampleApplication.Core.csproj", "{2F59B072-AAC0-4987-90B2-7118CB6DE633}"
EndProject
Global
	GlobalSection(SolutionConfigurationPlatforms) = preSolution
		Debug|Any CPU = Debug|Any CPU
		Release|Any CPU = Release|Any CPU
	EndGlobalSection
	GlobalSection(SolutionProperties) = preSolution
		HideSolutionNode = FALSE
	EndGlobalSection
	GlobalSection(ProjectConfigurationPlatforms) = postSolution
		{2F3B409E-4C08-4B4E-B1D5-B38F5EC7EA0F}.Debug|Any CPU.ActiveCfg = Debug|Any CPU
		{2F3B409E-4C08-4B4E-B1D5-B38F5EC7EA0F}.Debug|Any CPU.Build.0 = Debug|Any CPU
		{2F3B409E-4C08-4B4E-B1D5-B38F5EC7EA0F}.Release|Any CPU.ActiveCfg = Release|Any CPU
		{2F3B409E-4C08-4B4E-B1D5-B38F5EC7EA0F}.Release|Any CPU.Build.0 = Release|Any CPU
		{2F59B072-AAC0-4987-90B2-7118CB6DE633}.Debug|Any CPU.ActiveCfg = Debug|Any CPU
		{2F59B072-AAC0-4987-90B2-7118CB6DE633}.Debug|Any CPU.Build.0 = Debug|Any CPU
		{2F59B072-AAC0-4987-90B2-7118CB6DE633}.Release|Any CPU.ActiveCfg = Release|Any CPU
		{2F59B072-AAC0-4987-90B2-7118CB6DE633}.Release|Any CPU.Build.0 = Release|Any CPU
	EndGlobalSection
EndGlobal
